// !$*UTF8*$!
{
	archiveVersion = 1;
	classes = {
	};
	objectVersion = 56;
	objects = {

/* Begin PBXBuildFile section */
		A00000000000000000000001 /* RepoOSHubApp.swift in Sources */ = {isa = PBXBuildFile; fileRef = A00000000000000000000011 /* RepoOSHubApp.swift */; };
		A00000000000000000000002 /* ContentView.swift in Sources */ = {isa = PBXBuildFile; fileRef = A00000000000000000000012 /* ContentView.swift */; };
		A00000000000000000000003 /* RepoOSHubTests.swift in Sources */ = {isa = PBXBuildFile; fileRef = A00000000000000000000013 /* RepoOSHubTests.swift */; };
/* End PBXBuildFile section */

/* Begin PBXFileReference section */
		A00000000000000000000010 /* RepoOSHub.app */ = {isa = PBXFileReference; explicitFileType = wrapper.application; includeInIndex = 0; path = RepoOSHub.app; sourceTree = BUILT_PRODUCTS_DIR; };
		A00000000000000000000011 /* RepoOSHubApp.swift */ = {isa = PBXFileReference; lastKnownFileType = sourcecode.swift; path = RepoOSHubApp.swift; sourceTree = "<group>"; };
		A00000000000000000000012 /* ContentView.swift */ = {isa = PBXFileReference; lastKnownFileType = sourcecode.swift; path = ContentView.swift; sourceTree = "<group>"; };
		A00000000000000000000013 /* RepoOSHubTests.swift */ = {isa = PBXFileReference; lastKnownFileType = sourcecode.swift; path = RepoOSHubTests.swift; sourceTree = "<group>"; };
		A00000000000000000000014 /* RepoOSHubTests.xctest */ = {isa = PBXFileReference; explicitFileType = wrapper.cfbundle; includeInIndex = 0; path = RepoOSHubTests.xctest; sourceTree = BUILT_PRODUCTS_DIR; };
		A00000000000000000000015 /* Info.plist */ = {isa = PBXFileReference; lastKnownFileType = text.plist.xml; path = Info.plist; sourceTree = "<group>"; };
/* End PBXFileReference section */

/* Begin PBXFrameworksBuildPhase section */
		A00000000000000000000020 /* Frameworks */ = {isa = PBXFrameworksBuildPhase; buildActionMask = 2147483647; files = ( ); runOnlyForDeploymentPostprocessing = 0; };
		A00000000000000000000021 /* Frameworks */ = {isa = PBXFrameworksBuildPhase; buildActionMask = 2147483647; files = ( ); runOnlyForDeploymentPostprocessing = 0; };
/* End PBXFrameworksBuildPhase section */

/* Begin PBXGroup section */
		A00000000000000000000030 = {isa = PBXGroup; children = ( A00000000000000000000031, A00000000000000000000032, A00000000000000000000033, A00000000000000000000034, A00000000000000000000035, ); sourceTree = "<group>"; };
		A00000000000000000000031 /* RepoOSHub */ = {isa = PBXGroup; children = ( A00000000000000000000011, A00000000000000000000012, A00000000000000000000015, ); path = RepoOSHub; sourceTree = "<group>"; };
		A00000000000000000000032 /* RepoOSHubTests */ = {isa = PBXGroup; children = ( A00000000000000000000013, ); path = RepoOSHubTests; sourceTree = "<group>"; };
		A00000000000000000000033 /* Products */ = {isa = PBXGroup; children = ( A00000000000000000000010, A00000000000000000000014, ); name = Products; sourceTree = "<group>"; };
		A00000000000000000000034 /* RepoOSHub.xcodeproj */ = {isa = PBXFileReference; lastKnownFileType = wrapper.pb-project; name = RepoOSHub.xcodeproj; path = RepoOSHub.xcodeproj; sourceTree = "<group>"; };
		A00000000000000000000035 /* RepoOSHubTests */ = {isa = PBXGroup; children = ( ); name = RepoOSHubTests; sourceTree = "<group>"; };
/* End PBXGroup section */

/* Begin PBXNativeTarget section */
		A00000000000000000000040 /* RepoOSHub */ = {isa = PBXNativeTarget; buildConfigurationList = A00000000000000000000050 /* Build configuration list for PBXNativeTarget "RepoOSHub" */; buildPhases = ( A00000000000000000000041, A00000000000000000000020, A00000000000000000000042, ); buildRules = ( ); dependencies = ( ); name = RepoOSHub; productName = RepoOSHub; productReference = A00000000000000000000010 /* RepoOSHub.app */; productType = "com.apple.product-type.application"; };
		A00000000000000000000043 /* RepoOSHubTests */ = {isa = PBXNativeTarget; buildConfigurationList = A00000000000000000000051 /* Build configuration list for PBXNativeTarget "RepoOSHubTests" */; buildPhases = ( A00000000000000000000044, A00000000000000000000021, A00000000000000000000045, ); buildRules = ( ); dependencies = ( ); name = RepoOSHubTests; productName = RepoOSHubTests; productReference = A00000000000000000000014 /* RepoOSHubTests.xctest */; productType = "com.apple.product-type.bundle.unit-test"; };
/* End PBXNativeTarget section */

/* Begin PBXProject section */
		A00000000000000000000060 /* Project object */ = {isa = PBXProject; attributes = { LastSwiftUpdateCheck = 1500; LastUpgradeCheck = 1500; TargetAttributes = { A00000000000000000000040 = { CreatedOnToolsVersion = 15.0; }; A00000000000000000000043 = { CreatedOnToolsVersion = 15.0; TestTargetID = A00000000000000000000040; }; }; }; buildConfigurationList = A00000000000000000000052 /* Build configuration list for PBXProject "RepoOSHub" */; compatibilityVersion = "Xcode 14.0"; developmentRegion = en; hasScannedForEncodings = 0; knownRegions = ( en, Base, ); mainGroup = A00000000000000000000030; productRefGroup = A00000000000000000000033 /* Products */; projectDirPath = ""; projectRoot = ""; targets = ( A00000000000000000000040, A00000000000000000000043, ); };
/* End PBXProject section */

/* Begin PBXResourcesBuildPhase section */
		A00000000000000000000042 /* Resources */ = {isa = PBXResourcesBuildPhase; buildActionMask = 2147483647; files = ( ); runOnlyForDeploymentPostprocessing = 0; };
		A00000000000000000000045 /* Resources */ = {isa = PBXResourcesBuildPhase; buildActionMask = 2147483647; files = ( ); runOnlyForDeploymentPostprocessing = 0; };
/* End PBXResourcesBuildPhase section */

/* Begin PBXSourcesBuildPhase section */
		A00000000000000000000041 /* Sources */ = {isa = PBXSourcesBuildPhase; buildActionMask = 2147483647; files = ( A00000000000000000000001, A00000000000000000000002, ); runOnlyForDeploymentPostprocessing = 0; };
		A00000000000000000000044 /* Sources */ = {isa = PBXSourcesBuildPhase; buildActionMask = 2147483647; files = ( A00000000000000000000003, ); runOnlyForDeploymentPostprocessing = 0; };
/* End PBXSourcesBuildPhase section */

/* Begin XCBuildConfiguration section */
		A00000000000000000000070 /* Debug */ = {isa = XCBuildConfiguration; buildSettings = { ALWAYS_SEARCH_USER_PATHS = NO; CLANG_ENABLE_MODULES = YES; CODE_SIGN_IDENTITY = "-"; CURRENT_PROJECT_VERSION = 1; GENERATE_INFOPLIST_FILE = NO; MACOSX_DEPLOYMENT_TARGET = 13.0; MARKETING_VERSION = 0.1.0; PRODUCT_BUNDLE_IDENTIFIER = org.repoos.hub; PRODUCT_NAME = RepoOSHub; SWIFT_OPTIMIZATION_LEVEL = "-Onone"; SWIFT_VERSION = 5.0; }; name = Debug; };
		A00000000000000000000071 /* Release */ = {isa = XCBuildConfiguration; buildSettings = { ALWAYS_SEARCH_USER_PATHS = NO; CLANG_ENABLE_MODULES = YES; CODE_SIGN_IDENTITY = "-"; CURRENT_PROJECT_VERSION = 1; GENERATE_INFOPLIST_FILE = NO; MACOSX_DEPLOYMENT_TARGET = 13.0; MARKETING_VERSION = 0.1.0; PRODUCT_BUNDLE_IDENTIFIER = org.repoos.hub; PRODUCT_NAME = RepoOSHub; SWIFT_VERSION = 5.0; }; name = Release; };
		A00000000000000000000072 /* Debug */ = {isa = XCBuildConfiguration; buildSettings = { BUNDLE_LOADER = "$(TEST_HOST)"; CODE_SIGN_IDENTITY = "-"; CURRENT_PROJECT_VERSION = 1; GENERATE_INFOPLIST_FILE = YES; MACOSX_DEPLOYMENT_TARGET = 13.0; PRODUCT_BUNDLE_IDENTIFIER = org.repoos.hub.tests; PRODUCT_NAME = RepoOSHubTests; SWIFT_VERSION = 5.0; TEST_HOST = "$(BUILT_PRODUCTS_DIR)/RepoOSHub.app/Contents/MacOS/RepoOSHub"; }; name = Debug; };
		A00000000000000000000073 /* Release */ = {isa = XCBuildConfiguration; buildSettings = { BUNDLE_LOADER = "$(TEST_HOST)"; CODE_SIGN_IDENTITY = "-"; CURRENT_PROJECT_VERSION = 1; GENERATE_INFOPLIST_FILE = YES; MACOSX_DEPLOYMENT_TARGET = 13.0; PRODUCT_BUNDLE_IDENTIFIER = org.repoos.hub.tests; PRODUCT_NAME = RepoOSHubTests; SWIFT_VERSION = 5.0; TEST_HOST = "$(BUILT_PRODUCTS_DIR)/RepoOSHub.app/Contents/MacOS/RepoOSHub"; }; name = Release; };
		A00000000000000000000074 /* Debug */ = {isa = XCBuildConfiguration; buildSettings = { ALWAYS_SEARCH_USER_PATHS = NO; CLANG_ENABLE_MODULES = YES; SWIFT_VERSION = 5.0; }; name = Debug; };
		A00000000000000000000075 /* Release */ = {isa = XCBuildConfiguration; buildSettings = { ALWAYS_SEARCH_USER_PATHS = NO; CLANG_ENABLE_MODULES = YES; SWIFT_VERSION = 5.0; }; name = Release; };
/* End XCBuildConfiguration section */

/* Begin XCConfigurationList section */
		A00000000000000000000050 /* Build configuration list for PBXNativeTarget "RepoOSHub" */ = {isa = XCConfigurationList; buildConfigurations = ( A00000000000000000000070, A00000000000000000000071, ); defaultConfigurationIsVisible = 0; defaultConfigurationName = Release; };
		A00000000000000000000051 /* Build configuration list for PBXNativeTarget "RepoOSHubTests" */ = {isa = XCConfigurationList; buildConfigurations = ( A00000000000000000000072, A00000000000000000000073, ); defaultConfigurationIsVisible = 0; defaultConfigurationName = Release; };
		A00000000000000000000052 /* Build configuration list for PBXProject "RepoOSHub" */ = {isa = XCConfigurationList; buildConfigurations = ( A00000000000000000000074, A00000000000000000000075, ); defaultConfigurationIsVisible = 0; defaultConfigurationName = Release; };
/* End XCConfigurationList section */
	};
	rootObject = A00000000000000000000060 /* Project object */;
}
