// !$*UTF8*$!
{
	archiveVersion = 1;
	classes = {
	};
	objectVersion = 56;
	objects = {

/* Begin PBXBuildFile section */
		A00000000000000000000001 /* RepoOSHubApp.swift in Sources */ = {isa = PBXBuildFile; fileRef = A00000000000000000000011 /* RepoOSHubApp.swift */; };
		A00000000000000000000002 /* ContentView.swift in Sources */ = {isa = PBXBuildFile; fileRef = A00000000000000000000012 /* ContentView.swift */; };
		A00000000000000000000003 /* RepoOSHubTests.swift in Sources */ = {isa = PBXBuildFile; fileRef = A00000000000000000000013 /* RepoOSHubTests.swift */; };
		A00000000000000000000004 /* ServerModels.swift in Sources */ = {isa = PBXBuildFile; fileRef = A00000000000000000000016 /* ServerModels.swift */; };
		A00000000000000000000005 /* ServerOriginNormalizer.swift in Sources */ = {isa = PBXBuildFile; fileRef = A00000000000000000000017 /* ServerOriginNormalizer.swift */; };
		A00000000000000000000006 /* HealthCheckService.swift in Sources */ = {isa = PBXBuildFile; fileRef = A00000000000000000000018 /* HealthCheckService.swift */; };
		A00000000000000000000007 /* ServerRegistryStore.swift in Sources */ = {isa = PBXBuildFile; fileRef = A00000000000000000000019 /* ServerRegistryStore.swift */; };
		A00000000000000000000008 /* HubAppState.swift in Sources */ = {isa = PBXBuildFile; fileRef = A0000000000000000000001A /* HubAppState.swift */; };
		A00000000000000000000009 /* ServerSidebarView.swift in Sources */ = {isa = PBXBuildFile; fileRef = A0000000000000000000001B /* ServerSidebarView.swift */; };
		A0000000000000000000000A /* ServerEditorSheet.swift in Sources */ = {isa = PBXBuildFile; fileRef = A0000000000000000000001C /* ServerEditorSheet.swift */; };
		A0000000000000000000000B /* WorkspaceDetailView.swift in Sources */ = {isa = PBXBuildFile; fileRef = A0000000000000000000001D /* WorkspaceDetailView.swift */; };
		A0000000000000000000000C /* ServerOriginNormalizerTests.swift in Sources */ = {isa = PBXBuildFile; fileRef = A0000000000000000000001E /* ServerOriginNormalizerTests.swift */; };
		A0000000000000000000000D /* ServerRegistryStoreTests.swift in Sources */ = {isa = PBXBuildFile; fileRef = A0000000000000000000001F /* ServerRegistryStoreTests.swift */; };
		A0000000000000000000000E /* ReachabilityStateTests.swift in Sources */ = {isa = PBXBuildFile; fileRef = A00000000000000000000020 /* ReachabilityStateTests.swift */; };
		A0000000000000000000000F /* HubNavigationModels.swift in Sources */ = {isa = PBXBuildFile; fileRef = A00000000000000000000027 /* HubNavigationModels.swift */; };
		A00000000000000000000080 /* HubCommandPaletteView.swift in Sources */ = {isa = PBXBuildFile; fileRef = A00000000000000000000028 /* HubCommandPaletteView.swift */; };
		A00000000000000000000081 /* HubWorkspaceToolbar.swift in Sources */ = {isa = PBXBuildFile; fileRef = A00000000000000000000029 /* HubWorkspaceToolbar.swift */; };
		A00000000000000000000082 /* CommandPaletteMatcherTests.swift in Sources */ = {isa = PBXBuildFile; fileRef = A0000000000000000000002A /* CommandPaletteMatcherTests.swift */; };
		A00000000000000000000083 /* PinTaskContextSheet.swift in Sources */ = {isa = PBXBuildFile; fileRef = A0000000000000000000002C /* PinTaskContextSheet.swift */; };
		A00000000000000000000084 /* HubRecentsRetentionTests.swift in Sources */ = {isa = PBXBuildFile; fileRef = A0000000000000000000002B /* HubRecentsRetentionTests.swift */; };
		A00000000000000000000085 /* ServerNavigationPolicy.swift in Sources */ = {isa = PBXBuildFile; fileRef = A0000000000000000000003B /* ServerNavigationPolicy.swift */; };
		A00000000000000000000086 /* ServerWebsiteDataStorePool.swift in Sources */ = {isa = PBXBuildFile; fileRef = A0000000000000000000003C /* ServerWebsiteDataStorePool.swift */; };
		A00000000000000000000087 /* IsolatedServerWebViewFactory.swift in Sources */ = {isa = PBXBuildFile; fileRef = A00000000000000000000034 /* IsolatedServerWebViewFactory.swift */; };
		A00000000000000000000088 /* ServerWebView.swift in Sources */ = {isa = PBXBuildFile; fileRef = A00000000000000000000035 /* ServerWebView.swift */; };
		A00000000000000000000089 /* ServerWebWorkspaceView.swift in Sources */ = {isa = PBXBuildFile; fileRef = A00000000000000000000036 /* ServerWebWorkspaceView.swift */; };
		A00000000000000000000037 /* ServerNavigationPolicyTests.swift in Sources */ = {isa = PBXBuildFile; fileRef = A00000000000000000000038 /* ServerNavigationPolicyTests.swift */; };
		A00000000000000000000039 /* IsolatedServerWebViewFactoryTests.swift in Sources */ = {isa = PBXBuildFile; fileRef = A0000000000000000000003A /* IsolatedServerWebViewFactoryTests.swift */; };
/* End PBXBuildFile section */

/* Begin PBXContainerItemProxy section */
		A00000000000000000000046 /* PBXContainerItemProxy */ = {isa = PBXContainerItemProxy; containerPortal = A00000000000000000000060 /* Project object */; proxyType = 1; remoteGlobalIDString = A00000000000000000000040; remoteInfo = RepoOSHub; };
/* End PBXContainerItemProxy section */

/* Begin PBXFileReference section */
		A00000000000000000000010 /* RepoOSHub.app */ = {isa = PBXFileReference; explicitFileType = wrapper.application; includeInIndex = 0; path = RepoOSHub.app; sourceTree = BUILT_PRODUCTS_DIR; };
		A00000000000000000000011 /* RepoOSHubApp.swift */ = {isa = PBXFileReference; lastKnownFileType = sourcecode.swift; path = RepoOSHubApp.swift; sourceTree = "<group>"; };
		A00000000000000000000012 /* ContentView.swift */ = {isa = PBXFileReference; lastKnownFileType = sourcecode.swift; path = ContentView.swift; sourceTree = "<group>"; };
		A00000000000000000000013 /* RepoOSHubTests.swift */ = {isa = PBXFileReference; lastKnownFileType = sourcecode.swift; path = RepoOSHubTests.swift; sourceTree = "<group>"; };
		A00000000000000000000014 /* RepoOSHubTests.xctest */ = {isa = PBXFileReference; explicitFileType = wrapper.cfbundle; includeInIndex = 0; path = RepoOSHubTests.xctest; sourceTree = BUILT_PRODUCTS_DIR; };
		A00000000000000000000015 /* Info.plist */ = {isa = PBXFileReference; lastKnownFileType = text.plist.xml; path = Info.plist; sourceTree = "<group>"; };
		A00000000000000000000016 /* ServerModels.swift */ = {isa = PBXFileReference; lastKnownFileType = sourcecode.swift; path = ServerModels.swift; sourceTree = "<group>"; };
		A00000000000000000000017 /* ServerOriginNormalizer.swift */ = {isa = PBXFileReference; lastKnownFileType = sourcecode.swift; path = ServerOriginNormalizer.swift; sourceTree = "<group>"; };
		A00000000000000000000018 /* HealthCheckService.swift */ = {isa = PBXFileReference; lastKnownFileType = sourcecode.swift; path = HealthCheckService.swift; sourceTree = "<group>"; };
		A00000000000000000000019 /* ServerRegistryStore.swift */ = {isa = PBXFileReference; lastKnownFileType = sourcecode.swift; path = ServerRegistryStore.swift; sourceTree = "<group>"; };
		A0000000000000000000001A /* HubAppState.swift */ = {isa = PBXFileReference; lastKnownFileType = sourcecode.swift; path = HubAppState.swift; sourceTree = "<group>"; };
		A0000000000000000000001B /* ServerSidebarView.swift */ = {isa = PBXFileReference; lastKnownFileType = sourcecode.swift; path = ServerSidebarView.swift; sourceTree = "<group>"; };
		A0000000000000000000001C /* ServerEditorSheet.swift */ = {isa = PBXFileReference; lastKnownFileType = sourcecode.swift; path = ServerEditorSheet.swift; sourceTree = "<group>"; };
		A0000000000000000000001D /* WorkspaceDetailView.swift */ = {isa = PBXFileReference; lastKnownFileType = sourcecode.swift; path = WorkspaceDetailView.swift; sourceTree = "<group>"; };
		A0000000000000000000001E /* ServerOriginNormalizerTests.swift */ = {isa = PBXFileReference; lastKnownFileType = sourcecode.swift; path = ServerOriginNormalizerTests.swift; sourceTree = "<group>"; };
		A0000000000000000000001F /* ServerRegistryStoreTests.swift */ = {isa = PBXFileReference; lastKnownFileType = sourcecode.swift; path = ServerRegistryStoreTests.swift; sourceTree = "<group>"; };
		A00000000000000000000020 /* ReachabilityStateTests.swift */ = {isa = PBXFileReference; lastKnownFileType = sourcecode.swift; path = ReachabilityStateTests.swift; sourceTree = "<group>"; };
		A00000000000000000000027 /* HubNavigationModels.swift */ = {isa = PBXFileReference; lastKnownFileType = sourcecode.swift; path = HubNavigationModels.swift; sourceTree = "<group>"; };
		A00000000000000000000028 /* HubCommandPaletteView.swift */ = {isa = PBXFileReference; lastKnownFileType = sourcecode.swift; path = HubCommandPaletteView.swift; sourceTree = "<group>"; };
		A00000000000000000000029 /* HubWorkspaceToolbar.swift */ = {isa = PBXFileReference; lastKnownFileType = sourcecode.swift; path = HubWorkspaceToolbar.swift; sourceTree = "<group>"; };
		A0000000000000000000002A /* CommandPaletteMatcherTests.swift */ = {isa = PBXFileReference; lastKnownFileType = sourcecode.swift; path = CommandPaletteMatcherTests.swift; sourceTree = "<group>"; };
		A0000000000000000000002B /* HubRecentsRetentionTests.swift */ = {isa = PBXFileReference; lastKnownFileType = sourcecode.swift; path = HubRecentsRetentionTests.swift; sourceTree = "<group>"; };
		A0000000000000000000002C /* PinTaskContextSheet.swift */ = {isa = PBXFileReference; lastKnownFileType = sourcecode.swift; path = PinTaskContextSheet.swift; sourceTree = "<group>"; };
		A0000000000000000000003B /* ServerNavigationPolicy.swift */ = {isa = PBXFileReference; lastKnownFileType = sourcecode.swift; path = ServerNavigationPolicy.swift; sourceTree = "<group>"; };
		A0000000000000000000003C /* ServerWebsiteDataStorePool.swift */ = {isa = PBXFileReference; lastKnownFileType = sourcecode.swift; path = ServerWebsiteDataStorePool.swift; sourceTree = "<group>"; };
		A00000000000000000000034 /* IsolatedServerWebViewFactory.swift */ = {isa = PBXFileReference; lastKnownFileType = sourcecode.swift; path = IsolatedServerWebViewFactory.swift; sourceTree = "<group>"; };
		A00000000000000000000035 /* ServerWebView.swift */ = {isa = PBXFileReference; lastKnownFileType = sourcecode.swift; path = ServerWebView.swift; sourceTree = "<group>"; };
		A00000000000000000000036 /* ServerWebWorkspaceView.swift */ = {isa = PBXFileReference; lastKnownFileType = sourcecode.swift; path = ServerWebWorkspaceView.swift; sourceTree = "<group>"; };
		A00000000000000000000038 /* ServerNavigationPolicyTests.swift */ = {isa = PBXFileReference; lastKnownFileType = sourcecode.swift; path = ServerNavigationPolicyTests.swift; sourceTree = "<group>"; };
		A0000000000000000000003A /* IsolatedServerWebViewFactoryTests.swift */ = {isa = PBXFileReference; lastKnownFileType = sourcecode.swift; path = IsolatedServerWebViewFactoryTests.swift; sourceTree = "<group>"; };
/* End PBXFileReference section */

/* Begin PBXFrameworksBuildPhase section */
		A00000000000000000000021 /* Frameworks */ = {isa = PBXFrameworksBuildPhase; buildActionMask = 2147483647; files = ( ); runOnlyForDeploymentPostprocessing = 0; };
		A00000000000000000000022 /* Frameworks */ = {isa = PBXFrameworksBuildPhase; buildActionMask = 2147483647; files = ( ); runOnlyForDeploymentPostprocessing = 0; };
/* End PBXFrameworksBuildPhase section */

/* Begin PBXGroup section */
		A00000000000000000000030 = {isa = PBXGroup; children = ( A00000000000000000000031, A00000000000000000000032, A00000000000000000000033, ); sourceTree = "<group>"; };
		A00000000000000000000031 /* RepoOSHub */ = {isa = PBXGroup; children = ( A00000000000000000000011, A00000000000000000000012, A00000000000000000000016, A00000000000000000000017, A00000000000000000000018, A00000000000000000000019, A0000000000000000000001A, A0000000000000000000001B, A0000000000000000000001C, A0000000000000000000001D, A00000000000000000000027, A00000000000000000000028, A00000000000000000000029, A0000000000000000000002C, A0000000000000000000003B, A0000000000000000000003C, A00000000000000000000034, A00000000000000000000035, A00000000000000000000036, A00000000000000000000015, ); path = RepoOSHub; sourceTree = "<group>"; };
		A00000000000000000000032 /* RepoOSHubTests */ = {isa = PBXGroup; children = ( A00000000000000000000013, A0000000000000000000001E, A0000000000000000000001F, A00000000000000000000020, A0000000000000000000002A, A0000000000000000000002B, A00000000000000000000038, A0000000000000000000003A, ); path = RepoOSHubTests; sourceTree = "<group>"; };
		A00000000000000000000033 /* Products */ = {isa = PBXGroup; children = ( A00000000000000000000010, A00000000000000000000014, ); name = Products; sourceTree = "<group>"; };
/* End PBXGroup section */

/* Begin PBXNativeTarget section */
		A00000000000000000000040 /* RepoOSHub */ = {isa = PBXNativeTarget; buildConfigurationList = A00000000000000000000050 /* Build configuration list for PBXNativeTarget "RepoOSHub" */; buildPhases = ( A00000000000000000000041, A00000000000000000000021, A00000000000000000000042, ); buildRules = ( ); dependencies = ( ); name = RepoOSHub; productName = RepoOSHub; productReference = A00000000000000000000010 /* RepoOSHub.app */; productType = "com.apple.product-type.application"; };
		A00000000000000000000043 /* RepoOSHubTests */ = {isa = PBXNativeTarget; buildConfigurationList = A00000000000000000000051 /* Build configuration list for PBXNativeTarget "RepoOSHubTests" */; buildPhases = ( A00000000000000000000044, A00000000000000000000022, A00000000000000000000045, ); buildRules = ( ); dependencies = ( A00000000000000000000047 /* PBXTargetDependency */, ); name = RepoOSHubTests; productName = RepoOSHubTests; productReference = A00000000000000000000014 /* RepoOSHubTests.xctest */; productType = "com.apple.product-type.bundle.unit-test"; };
/* End PBXNativeTarget section */

/* Begin PBXProject section */
		A00000000000000000000060 /* Project object */ = {isa = PBXProject; attributes = { LastSwiftUpdateCheck = 1500; LastUpgradeCheck = 1500; TargetAttributes = { A00000000000000000000040 = { CreatedOnToolsVersion = 15.0; }; A00000000000000000000043 = { CreatedOnToolsVersion = 15.0; TestTargetID = A00000000000000000000040; }; }; }; buildConfigurationList = A00000000000000000000052 /* Build configuration list for PBXProject "RepoOSHub" */; compatibilityVersion = "Xcode 14.0"; developmentRegion = en; hasScannedForEncodings = 0; knownRegions = ( en, Base, ); mainGroup = A00000000000000000000030; productRefGroup = A00000000000000000000033 /* Products */; projectDirPath = ""; projectRoot = ""; targets = ( A00000000000000000000040, A00000000000000000000043, ); };
/* End PBXProject section */

/* Begin PBXResourcesBuildPhase section */
		A00000000000000000000042 /* Resources */ = {isa = PBXResourcesBuildPhase; buildActionMask = 2147483647; files = ( ); runOnlyForDeploymentPostprocessing = 0; };
		A00000000000000000000045 /* Resources */ = {isa = PBXResourcesBuildPhase; buildActionMask = 2147483647; files = ( ); runOnlyForDeploymentPostprocessing = 0; };
/* End PBXResourcesBuildPhase section */

/* Begin PBXSourcesBuildPhase section */
		A00000000000000000000041 /* Sources */ = {isa = PBXSourcesBuildPhase; buildActionMask = 2147483647; files = ( A00000000000000000000001, A00000000000000000000002, A00000000000000000000004, A00000000000000000000005, A00000000000000000000006, A00000000000000000000007, A00000000000000000000008, A00000000000000000000009, A0000000000000000000000A, A0000000000000000000000B, A0000000000000000000000F, A00000000000000000000080, A00000000000000000000081, A00000000000000000000083, A00000000000000000000085, A00000000000000000000086, A00000000000000000000087, A00000000000000000000088, A00000000000000000000089, ); runOnlyForDeploymentPostprocessing = 0; };
		A00000000000000000000044 /* Sources */ = {isa = PBXSourcesBuildPhase; buildActionMask = 2147483647; files = ( A00000000000000000000003, A0000000000000000000000C, A0000000000000000000000D, A0000000000000000000000E, A00000000000000000000082, A00000000000000000000084, A00000000000000000000037, A00000000000000000000039, ); runOnlyForDeploymentPostprocessing = 0; };
/* End PBXSourcesBuildPhase section */

/* Begin PBXTargetDependency section */
		A00000000000000000000047 /* PBXTargetDependency */ = {isa = PBXTargetDependency; target = A00000000000000000000040 /* RepoOSHub */; targetProxy = A00000000000000000000046 /* PBXContainerItemProxy */; };
/* End PBXTargetDependency section */

/* Begin XCBuildConfiguration section */
		A00000000000000000000070 /* Debug */ = {isa = XCBuildConfiguration; buildSettings = { ALWAYS_SEARCH_USER_PATHS = NO; CLANG_ENABLE_MODULES = YES; CODE_SIGN_IDENTITY = "-"; CURRENT_PROJECT_VERSION = 1; ENABLE_TESTABILITY = YES; GENERATE_INFOPLIST_FILE = NO; MACOSX_DEPLOYMENT_TARGET = 13.0; MARKETING_VERSION = 0.1.0; PRODUCT_BUNDLE_IDENTIFIER = org.repoos.hub; PRODUCT_NAME = RepoOSHub; SWIFT_OPTIMIZATION_LEVEL = "-Onone"; SWIFT_VERSION = 5.0; }; name = Debug; };
		A00000000000000000000071 /* Release */ = {isa = XCBuildConfiguration; buildSettings = { ALWAYS_SEARCH_USER_PATHS = NO; CLANG_ENABLE_MODULES = YES; CODE_SIGN_IDENTITY = "-"; CURRENT_PROJECT_VERSION = 1; GENERATE_INFOPLIST_FILE = NO; MACOSX_DEPLOYMENT_TARGET = 13.0; MARKETING_VERSION = 0.1.0; PRODUCT_BUNDLE_IDENTIFIER = org.repoos.hub; PRODUCT_NAME = RepoOSHub; SWIFT_VERSION = 5.0; }; name = Release; };
		A00000000000000000000072 /* Debug */ = {isa = XCBuildConfiguration; buildSettings = { BUNDLE_LOADER = "$(TEST_HOST)"; CODE_SIGN_IDENTITY = "-"; CURRENT_PROJECT_VERSION = 1; GENERATE_INFOPLIST_FILE = YES; MACOSX_DEPLOYMENT_TARGET = 13.0; PRODUCT_BUNDLE_IDENTIFIER = org.repoos.hub.tests; PRODUCT_NAME = RepoOSHubTests; SWIFT_VERSION = 5.0; TEST_HOST = "$(BUILT_PRODUCTS_DIR)/RepoOSHub.app/Contents/MacOS/RepoOSHub"; }; name = Debug; };
		A00000000000000000000073 /* Release */ = {isa = XCBuildConfiguration; buildSettings = { BUNDLE_LOADER = "$(TEST_HOST)"; CODE_SIGN_IDENTITY = "-"; CURRENT_PROJECT_VERSION = 1; GENERATE_INFOPLIST_FILE = YES; MACOSX_DEPLOYMENT_TARGET = 13.0; PRODUCT_BUNDLE_IDENTIFIER = org.repoos.hub.tests; PRODUCT_NAME = RepoOSHubTests; SWIFT_VERSION = 5.0; TEST_HOST = "$(BUILT_PRODUCTS_DIR)/RepoOSHub.app/Contents/MacOS/RepoOSHub"; }; name = Release; };
		A00000000000000000000074 /* Debug */ = {isa = XCBuildConfiguration; buildSettings = { ALWAYS_SEARCH_USER_PATHS = NO; CLANG_ENABLE_MODULES = YES; SWIFT_VERSION = 5.0; }; name = Debug; };
		A00000000000000000000075 /* Release */ = {isa = XCBuildConfiguration; buildSettings = { ALWAYS_SEARCH_USER_PATHS = NO; CLANG_ENABLE_MODULES = YES; SWIFT_VERSION = 5.0; }; name = Release; };
/* End XCBuildConfiguration section */

/* Begin XCConfigurationList section */
		A00000000000000000000050 /* Build configuration list for PBXNativeTarget "RepoOSHub" */ = {isa = XCConfigurationList; buildConfigurations = ( A00000000000000000000070, A00000000000000000000071, ); defaultConfigurationIsVisible = 0; defaultConfigurationName = Release; };
		A00000000000000000000051 /* Build configuration list for PBXNativeTarget "RepoOSHubTests" */ = {isa = XCConfigurationList; buildConfigurations = ( A00000000000000000000072, A00000000000000000000073, ); defaultConfigurationIsVisible = 0; defaultConfigurationName = Release; };
		A00000000000000000000052 /* Build configuration list for PBXProject "RepoOSHub" */ = {isa = XCConfigurationList; buildConfigurations = ( A00000000000000000000074, A00000000000000000000075, ); defaultConfigurationIsVisible = 0; defaultConfigurationName = Release; };
/* End XCConfigurationList section */
	};
	rootObject = A00000000000000000000060 /* Project object */;
}
