// !$*UTF8*$!
{
	archiveVersion = 1;
	classes = {
	};
	objectVersion = 56;
	objects = {

/* Begin PBXBuildFile section */
		C00000000000000000000001 /* RepoOSHubApp.swift in Sources */ = {isa = PBXBuildFile; fileRef = A00000000000000000000011 /* RepoOSHubApp.swift */; };
		C00000000000000000000002 /* ContentView.swift in Sources */ = {isa = PBXBuildFile; fileRef = A00000000000000000000012 /* ContentView.swift */; };
		C00000000000000000000003 /* RepoOSHubTests.swift in Sources */ = {isa = PBXBuildFile; fileRef = A00000000000000000000013 /* RepoOSHubTests.swift */; };
		C00000000000000000000004 /* ServerModels.swift in Sources */ = {isa = PBXBuildFile; fileRef = A00000000000000000000016 /* ServerModels.swift */; };
		C00000000000000000000005 /* ServerOriginNormalizer.swift in Sources */ = {isa = PBXBuildFile; fileRef = A00000000000000000000017 /* ServerOriginNormalizer.swift */; };
		C00000000000000000000006 /* HealthCheckService.swift in Sources */ = {isa = PBXBuildFile; fileRef = A00000000000000000000018 /* HealthCheckService.swift */; };
		C00000000000000000000007 /* ServerRegistryStore.swift in Sources */ = {isa = PBXBuildFile; fileRef = A00000000000000000000019 /* ServerRegistryStore.swift */; };
		C00000000000000000000008 /* HubAppState.swift in Sources */ = {isa = PBXBuildFile; fileRef = A0000000000000000000001A /* HubAppState.swift */; };
		C00000000000000000000009 /* ServerSidebarView.swift in Sources */ = {isa = PBXBuildFile; fileRef = A0000000000000000000001B /* ServerSidebarView.swift */; };
		C0000000000000000000000A /* ServerEditorSheet.swift in Sources */ = {isa = PBXBuildFile; fileRef = A0000000000000000000001C /* ServerEditorSheet.swift */; };
		C0000000000000000000000B /* WorkspaceDetailView.swift in Sources */ = {isa = PBXBuildFile; fileRef = A0000000000000000000001D /* WorkspaceDetailView.swift */; };
		C0000000000000000000000C /* ServerOriginNormalizerTests.swift in Sources */ = {isa = PBXBuildFile; fileRef = A0000000000000000000001E /* ServerOriginNormalizerTests.swift */; };
		C0000000000000000000000D /* ServerRegistryStoreTests.swift in Sources */ = {isa = PBXBuildFile; fileRef = A0000000000000000000001F /* ServerRegistryStoreTests.swift */; };
		C0000000000000000000000E /* ReachabilityStateTests.swift in Sources */ = {isa = PBXBuildFile; fileRef = A00000000000000000000020 /* ReachabilityStateTests.swift */; };
		C0000000000000000000000F /* HubNavigationModels.swift in Sources */ = {isa = PBXBuildFile; fileRef = A00000000000000000000027 /* HubNavigationModels.swift */; };
		C00000000000000000000010 /* HubCommandPaletteView.swift in Sources */ = {isa = PBXBuildFile; fileRef = A00000000000000000000028 /* HubCommandPaletteView.swift */; };
		C00000000000000000000011 /* HubWorkspaceToolbar.swift in Sources */ = {isa = PBXBuildFile; fileRef = A00000000000000000000029 /* HubWorkspaceToolbar.swift */; };
		C00000000000000000000012 /* CommandPaletteMatcherTests.swift in Sources */ = {isa = PBXBuildFile; fileRef = A0000000000000000000002A /* CommandPaletteMatcherTests.swift */; };
		C00000000000000000000013 /* HubRecentsRetentionTests.swift in Sources */ = {isa = PBXBuildFile; fileRef = A0000000000000000000002B /* HubRecentsRetentionTests.swift */; };
		C00000000000000000000014 /* PinTaskContextSheet.swift in Sources */ = {isa = PBXBuildFile; fileRef = A0000000000000000000002C /* PinTaskContextSheet.swift */; };
		C00000000000000000000015 /* ServerNavigationPolicy.swift in Sources */ = {isa = PBXBuildFile; fileRef = A0000000000000000000003B /* ServerNavigationPolicy.swift */; };
		C00000000000000000000016 /* ServerWebsiteDataStorePool.swift in Sources */ = {isa = PBXBuildFile; fileRef = A0000000000000000000003C /* ServerWebsiteDataStorePool.swift */; };
		C00000000000000000000017 /* IsolatedServerWebViewFactory.swift in Sources */ = {isa = PBXBuildFile; fileRef = A00000000000000000000034 /* IsolatedServerWebViewFactory.swift */; };
		C00000000000000000000018 /* ServerWebView.swift in Sources */ = {isa = PBXBuildFile; fileRef = A00000000000000000000035 /* ServerWebView.swift */; };
		C00000000000000000000019 /* ServerWebWorkspaceView.swift in Sources */ = {isa = PBXBuildFile; fileRef = A00000000000000000000036 /* ServerWebWorkspaceView.swift */; };
		C0000000000000000000001A /* ServerNavigationPolicyTests.swift in Sources */ = {isa = PBXBuildFile; fileRef = A00000000000000000000038 /* ServerNavigationPolicyTests.swift */; };
		C0000000000000000000001B /* IsolatedServerWebViewFactoryTests.swift in Sources */ = {isa = PBXBuildFile; fileRef = A0000000000000000000003A /* IsolatedServerWebViewFactoryTests.swift */; };
		C0000000000000000000001C /* HubAttentionModels.swift in Sources */ = {isa = PBXBuildFile; fileRef = A00000000000000000000063 /* HubAttentionModels.swift */; };
		C0000000000000000000001D /* HubSummaryRefreshPolicy.swift in Sources */ = {isa = PBXBuildFile; fileRef = A00000000000000000000064 /* HubSummaryRefreshPolicy.swift */; };
		C0000000000000000000001E /* HubSummaryClient.swift in Sources */ = {isa = PBXBuildFile; fileRef = A00000000000000000000065 /* HubSummaryClient.swift */; };
		C0000000000000000000001F /* HubCapabilityKeychain.swift in Sources */ = {isa = PBXBuildFile; fileRef = A00000000000000000000066 /* HubCapabilityKeychain.swift */; };
		C00000000000000000000020 /* HubNotificationEngine.swift in Sources */ = {isa = PBXBuildFile; fileRef = A00000000000000000000067 /* HubNotificationEngine.swift */; };
		C00000000000000000000021 /* HubAttentionCoordinator.swift in Sources */ = {isa = PBXBuildFile; fileRef = A00000000000000000000068 /* HubAttentionCoordinator.swift */; };
		C00000000000000000000022 /* HubServerAttentionSettingsSheet.swift in Sources */ = {isa = PBXBuildFile; fileRef = A00000000000000000000069 /* HubServerAttentionSettingsSheet.swift */; };
		C00000000000000000000023 /* HubNotificationDelegate.swift in Sources */ = {isa = PBXBuildFile; fileRef = A0000000000000000000006A /* HubNotificationDelegate.swift */; };
		C00000000000000000000024 /* HubSummaryRefreshPolicyTests.swift in Sources */ = {isa = PBXBuildFile; fileRef = A0000000000000000000006B /* HubSummaryRefreshPolicyTests.swift */; };
		C00000000000000000000025 /* HubAttentionFreshnessTests.swift in Sources */ = {isa = PBXBuildFile; fileRef = A0000000000000000000006C /* HubAttentionFreshnessTests.swift */; };
		C00000000000000000000026 /* HubNotificationEngineTests.swift in Sources */ = {isa = PBXBuildFile; fileRef = A0000000000000000000006D /* HubNotificationEngineTests.swift */; };
		C00000000000000000000027 /* HubBadgeTransitionTests.swift in Sources */ = {isa = PBXBuildFile; fileRef = A0000000000000000000006E /* HubBadgeTransitionTests.swift */; };
		C00000000000000000000028 /* HubTaskSearchClient.swift in Sources */ = {isa = PBXBuildFile; fileRef = A0000000000000000000006F /* HubTaskSearchClient.swift */; };
		C00000000000000000000029 /* HubCrossServerTaskSearchEngine.swift in Sources */ = {isa = PBXBuildFile; fileRef = A0000000000000000000007A /* HubCrossServerTaskSearchEngine.swift */; };
		C0000000000000000000002A /* HubCrossServerTaskSearchTests.swift in Sources */ = {isa = PBXBuildFile; fileRef = A0000000000000000000007B /* HubCrossServerTaskSearchTests.swift */; };
		C0000000000000000000002B /* HubTaskSearchRoutingTests.swift in Sources */ = {isa = PBXBuildFile; fileRef = A0000000000000000000007C /* HubTaskSearchRoutingTests.swift */; };
/* End PBXBuildFile section */

/* Begin PBXContainerItemProxy section */
		A00000000000000000000046 /* PBXContainerItemProxy */ = {isa = PBXContainerItemProxy; containerPortal = A00000000000000000000060 /* Project object */; proxyType = 1; remoteGlobalIDString = A00000000000000000000040; remoteInfo = RepoOSHub; };
/* End PBXContainerItemProxy section */

/* Begin PBXFileReference section */
		A00000000000000000000010 /* RepoOSHub.app */ = {isa = PBXFileReference; explicitFileType = wrapper.application; includeInIndex = 0; path = RepoOSHub.app; sourceTree = BUILT_PRODUCTS_DIR; };
		A00000000000000000000011 /* RepoOSHubApp.swift */ = {isa = PBXFileReference; lastKnownFileType = sourcecode.swift; path = RepoOSHubApp.swift; sourceTree = "<group>"; };
		A00000000000000000000012 /* ContentView.swift */ = {isa = PBXFileReference; lastKnownFileType = sourcecode.swift; path = ContentView.swift; sourceTree = "<group>"; };
		A00000000000000000000013 /* RepoOSHubTests.swift */ = {isa = PBXFileReference; lastKnownFileType = sourcecode.swift; path = RepoOSHubTests.swift; sourceTree = "<group>"; };
		A00000000000000000000014 /* RepoOSHubTests.xctest */ = {isa = PBXFileReference; explicitFileType = wrapper.cfbundle; includeInIndex = 0; path = RepoOSHubTests.xctest; sourceTree = BUILT_PRODUCTS_DIR; };
		A00000000000000000000015 /* Info.plist */ = {isa = PBXFileReference; lastKnownFileType = text.plist.xml; path = Info.plist; sourceTree = "<group>"; };
		A00000000000000000000016 /* ServerModels.swift */ = {isa = PBXFileReference; lastKnownFileType = sourcecode.swift; path = ServerModels.swift; sourceTree = "<group>"; };
		A00000000000000000000017 /* ServerOriginNormalizer.swift */ = {isa = PBXFileReference; lastKnownFileType = sourcecode.swift; path = ServerOriginNormalizer.swift; sourceTree = "<group>"; };
		A00000000000000000000018 /* HealthCheckService.swift */ = {isa = PBXFileReference; lastKnownFileType = sourcecode.swift; path = HealthCheckService.swift; sourceTree = "<group>"; };
		A00000000000000000000019 /* ServerRegistryStore.swift */ = {isa = PBXFileReference; lastKnownFileType = sourcecode.swift; path = ServerRegistryStore.swift; sourceTree = "<group>"; };
		A0000000000000000000001A /* HubAppState.swift */ = {isa = PBXFileReference; lastKnownFileType = sourcecode.swift; path = HubAppState.swift; sourceTree = "<group>"; };
		A0000000000000000000001B /* ServerSidebarView.swift */ = {isa = PBXFileReference; lastKnownFileType = sourcecode.swift; path = ServerSidebarView.swift; sourceTree = "<group>"; };
		A0000000000000000000001C /* ServerEditorSheet.swift */ = {isa = PBXFileReference; lastKnownFileType = sourcecode.swift; path = ServerEditorSheet.swift; sourceTree = "<group>"; };
		A0000000000000000000001D /* WorkspaceDetailView.swift */ = {isa = PBXFileReference; lastKnownFileType = sourcecode.swift; path = WorkspaceDetailView.swift; sourceTree = "<group>"; };
		A0000000000000000000001E /* ServerOriginNormalizerTests.swift */ = {isa = PBXFileReference; lastKnownFileType = sourcecode.swift; path = ServerOriginNormalizerTests.swift; sourceTree = "<group>"; };
		A0000000000000000000001F /* ServerRegistryStoreTests.swift */ = {isa = PBXFileReference; lastKnownFileType = sourcecode.swift; path = ServerRegistryStoreTests.swift; sourceTree = "<group>"; };
		A00000000000000000000020 /* ReachabilityStateTests.swift */ = {isa = PBXFileReference; lastKnownFileType = sourcecode.swift; path = ReachabilityStateTests.swift; sourceTree = "<group>"; };
		A00000000000000000000027 /* HubNavigationModels.swift */ = {isa = PBXFileReference; lastKnownFileType = sourcecode.swift; path = HubNavigationModels.swift; sourceTree = "<group>"; };
		A00000000000000000000028 /* HubCommandPaletteView.swift */ = {isa = PBXFileReference; lastKnownFileType = sourcecode.swift; path = HubCommandPaletteView.swift; sourceTree = "<group>"; };
		A00000000000000000000029 /* HubWorkspaceToolbar.swift */ = {isa = PBXFileReference; lastKnownFileType = sourcecode.swift; path = HubWorkspaceToolbar.swift; sourceTree = "<group>"; };
		A0000000000000000000002A /* CommandPaletteMatcherTests.swift */ = {isa = PBXFileReference; lastKnownFileType = sourcecode.swift; path = CommandPaletteMatcherTests.swift; sourceTree = "<group>"; };
		A0000000000000000000002B /* HubRecentsRetentionTests.swift */ = {isa = PBXFileReference; lastKnownFileType = sourcecode.swift; path = HubRecentsRetentionTests.swift; sourceTree = "<group>"; };
		A0000000000000000000002C /* PinTaskContextSheet.swift */ = {isa = PBXFileReference; lastKnownFileType = sourcecode.swift; path = PinTaskContextSheet.swift; sourceTree = "<group>"; };
		A0000000000000000000003B /* ServerNavigationPolicy.swift */ = {isa = PBXFileReference; lastKnownFileType = sourcecode.swift; path = ServerNavigationPolicy.swift; sourceTree = "<group>"; };
		A0000000000000000000003C /* ServerWebsiteDataStorePool.swift */ = {isa = PBXFileReference; lastKnownFileType = sourcecode.swift; path = ServerWebsiteDataStorePool.swift; sourceTree = "<group>"; };
		A00000000000000000000034 /* IsolatedServerWebViewFactory.swift */ = {isa = PBXFileReference; lastKnownFileType = sourcecode.swift; path = IsolatedServerWebViewFactory.swift; sourceTree = "<group>"; };
		A00000000000000000000035 /* ServerWebView.swift */ = {isa = PBXFileReference; lastKnownFileType = sourcecode.swift; path = ServerWebView.swift; sourceTree = "<group>"; };
		A00000000000000000000036 /* ServerWebWorkspaceView.swift */ = {isa = PBXFileReference; lastKnownFileType = sourcecode.swift; path = ServerWebWorkspaceView.swift; sourceTree = "<group>"; };
		A00000000000000000000038 /* ServerNavigationPolicyTests.swift */ = {isa = PBXFileReference; lastKnownFileType = sourcecode.swift; path = ServerNavigationPolicyTests.swift; sourceTree = "<group>"; };
		A0000000000000000000003A /* IsolatedServerWebViewFactoryTests.swift */ = {isa = PBXFileReference; lastKnownFileType = sourcecode.swift; path = IsolatedServerWebViewFactoryTests.swift; sourceTree = "<group>"; };
		A00000000000000000000063 /* HubAttentionModels.swift */ = {isa = PBXFileReference; lastKnownFileType = sourcecode.swift; path = HubAttentionModels.swift; sourceTree = "<group>"; };
		A00000000000000000000064 /* HubSummaryRefreshPolicy.swift */ = {isa = PBXFileReference; lastKnownFileType = sourcecode.swift; path = HubSummaryRefreshPolicy.swift; sourceTree = "<group>"; };
		A00000000000000000000065 /* HubSummaryClient.swift */ = {isa = PBXFileReference; lastKnownFileType = sourcecode.swift; path = HubSummaryClient.swift; sourceTree = "<group>"; };
		A00000000000000000000066 /* HubCapabilityKeychain.swift */ = {isa = PBXFileReference; lastKnownFileType = sourcecode.swift; path = HubCapabilityKeychain.swift; sourceTree = "<group>"; };
		A00000000000000000000067 /* HubNotificationEngine.swift */ = {isa = PBXFileReference; lastKnownFileType = sourcecode.swift; path = HubNotificationEngine.swift; sourceTree = "<group>"; };
		A00000000000000000000068 /* HubAttentionCoordinator.swift */ = {isa = PBXFileReference; lastKnownFileType = sourcecode.swift; path = HubAttentionCoordinator.swift; sourceTree = "<group>"; };
		A00000000000000000000069 /* HubServerAttentionSettingsSheet.swift */ = {isa = PBXFileReference; lastKnownFileType = sourcecode.swift; path = HubServerAttentionSettingsSheet.swift; sourceTree = "<group>"; };
		A0000000000000000000006A /* HubNotificationDelegate.swift */ = {isa = PBXFileReference; lastKnownFileType = sourcecode.swift; path = HubNotificationDelegate.swift; sourceTree = "<group>"; };
		A0000000000000000000006B /* HubSummaryRefreshPolicyTests.swift */ = {isa = PBXFileReference; lastKnownFileType = sourcecode.swift; path = HubSummaryRefreshPolicyTests.swift; sourceTree = "<group>"; };
		A0000000000000000000006C /* HubAttentionFreshnessTests.swift */ = {isa = PBXFileReference; lastKnownFileType = sourcecode.swift; path = HubAttentionFreshnessTests.swift; sourceTree = "<group>"; };
		A0000000000000000000006D /* HubNotificationEngineTests.swift */ = {isa = PBXFileReference; lastKnownFileType = sourcecode.swift; path = HubNotificationEngineTests.swift; sourceTree = "<group>"; };
		A0000000000000000000006E /* HubBadgeTransitionTests.swift */ = {isa = PBXFileReference; lastKnownFileType = sourcecode.swift; path = HubBadgeTransitionTests.swift; sourceTree = "<group>"; };
		A0000000000000000000006F /* HubTaskSearchClient.swift */ = {isa = PBXFileReference; lastKnownFileType = sourcecode.swift; path = HubTaskSearchClient.swift; sourceTree = "<group>"; };
		A0000000000000000000007A /* HubCrossServerTaskSearchEngine.swift */ = {isa = PBXFileReference; lastKnownFileType = sourcecode.swift; path = HubCrossServerTaskSearchEngine.swift; sourceTree = "<group>"; };
		A0000000000000000000007B /* HubCrossServerTaskSearchTests.swift */ = {isa = PBXFileReference; lastKnownFileType = sourcecode.swift; path = HubCrossServerTaskSearchTests.swift; sourceTree = "<group>"; };
		A0000000000000000000007C /* HubTaskSearchRoutingTests.swift */ = {isa = PBXFileReference; lastKnownFileType = sourcecode.swift; path = HubTaskSearchRoutingTests.swift; sourceTree = "<group>"; };
/* End PBXFileReference section */

/* Begin PBXFrameworksBuildPhase section */
		A00000000000000000000021 /* Frameworks */ = {isa = PBXFrameworksBuildPhase; buildActionMask = 2147483647; files = ( ); runOnlyForDeploymentPostprocessing = 0; };
		A00000000000000000000022 /* Frameworks */ = {isa = PBXFrameworksBuildPhase; buildActionMask = 2147483647; files = ( ); runOnlyForDeploymentPostprocessing = 0; };
/* End PBXFrameworksBuildPhase section */

/* Begin PBXGroup section */
		B00000000000000000000001 = {isa = PBXGroup; children = ( B00000000000000000000002, A00000000000000000000032, A00000000000000000000033, ); sourceTree = "<group>"; };
		B00000000000000000000002 /* RepoOSHub */ = {isa = PBXGroup; children = ( A00000000000000000000011, A00000000000000000000012, A00000000000000000000016, A00000000000000000000017, A00000000000000000000018, A00000000000000000000019, A0000000000000000000001A, A0000000000000000000001B, A0000000000000000000001C, A0000000000000000000001D, A00000000000000000000027, A00000000000000000000028, A00000000000000000000029, A0000000000000000000002C, A0000000000000000000003B, A0000000000000000000003C, A00000000000000000000034, A00000000000000000000035, A00000000000000000000036, A00000000000000000000063, A00000000000000000000064, A00000000000000000000065, A00000000000000000000066, A00000000000000000000067, A00000000000000000000068, A00000000000000000000069, A0000000000000000000006A, A0000000000000000000006F, A0000000000000000000007A, A00000000000000000000015, ); path = RepoOSHub; sourceTree = "<group>"; };
		A00000000000000000000032 /* RepoOSHubTests */ = {isa = PBXGroup; children = ( A00000000000000000000013, A0000000000000000000001E, A0000000000000000000001F, A00000000000000000000020, A0000000000000000000002A, A0000000000000000000002B, A00000000000000000000038, A0000000000000000000003A, A0000000000000000000006B, A0000000000000000000006C, A0000000000000000000006D, A0000000000000000000006E, A0000000000000000000007B, A0000000000000000000007C, ); path = RepoOSHubTests; sourceTree = "<group>"; };
		A00000000000000000000033 /* Products */ = {isa = PBXGroup; children = ( A00000000000000000000010, A00000000000000000000014, ); name = Products; sourceTree = "<group>"; };
/* End PBXGroup section */

/* Begin PBXNativeTarget section */
		A00000000000000000000040 /* RepoOSHub */ = {isa = PBXNativeTarget; buildConfigurationList = A00000000000000000000050 /* Build configuration list for PBXNativeTarget "RepoOSHub" */; buildPhases = ( A00000000000000000000041, A00000000000000000000021, A00000000000000000000042, ); buildRules = ( ); dependencies = ( ); name = RepoOSHub; productName = RepoOSHub; productReference = A00000000000000000000010 /* RepoOSHub.app */; productType = "com.apple.product-type.application"; };
		A00000000000000000000043 /* RepoOSHubTests */ = {isa = PBXNativeTarget; buildConfigurationList = A00000000000000000000051 /* Build configuration list for PBXNativeTarget "RepoOSHubTests" */; buildPhases = ( A00000000000000000000044, A00000000000000000000022, A00000000000000000000045, ); buildRules = ( ); dependencies = ( A00000000000000000000047 /* PBXTargetDependency */, ); name = RepoOSHubTests; productName = RepoOSHubTests; productReference = A00000000000000000000014 /* RepoOSHubTests.xctest */; productType = "com.apple.product-type.bundle.unit-test"; };
/* End PBXNativeTarget section */

/* Begin PBXProject section */
		A00000000000000000000060 /* Project object */ = {isa = PBXProject; attributes = { LastSwiftUpdateCheck = 1500; LastUpgradeCheck = 1500; TargetAttributes = { A00000000000000000000040 = { CreatedOnToolsVersion = 15.0; }; A00000000000000000000043 = { CreatedOnToolsVersion = 15.0; TestTargetID = A00000000000000000000040; }; }; }; buildConfigurationList = A00000000000000000000052 /* Build configuration list for PBXProject "RepoOSHub" */; compatibilityVersion = "Xcode 14.0"; developmentRegion = en; hasScannedForEncodings = 0; knownRegions = ( en, Base, ); mainGroup = B00000000000000000000001; productRefGroup = A00000000000000000000033 /* Products */; projectDirPath = ""; projectRoot = ""; targets = ( A00000000000000000000040, A00000000000000000000043, ); };
/* End PBXProject section */

/* Begin PBXResourcesBuildPhase section */
		A00000000000000000000042 /* Resources */ = {isa = PBXResourcesBuildPhase; buildActionMask = 2147483647; files = ( ); runOnlyForDeploymentPostprocessing = 0; };
		A00000000000000000000045 /* Resources */ = {isa = PBXResourcesBuildPhase; buildActionMask = 2147483647; files = ( ); runOnlyForDeploymentPostprocessing = 0; };
/* End PBXResourcesBuildPhase section */

/* Begin PBXSourcesBuildPhase section */
		A00000000000000000000041 /* Sources */ = {isa = PBXSourcesBuildPhase; buildActionMask = 2147483647; files = ( C00000000000000000000001, C00000000000000000000002, C00000000000000000000004, C00000000000000000000005, C00000000000000000000006, C00000000000000000000007, C00000000000000000000008, C00000000000000000000009, C0000000000000000000000A, C0000000000000000000000B, C0000000000000000000000F, C00000000000000000000010, C00000000000000000000011, C00000000000000000000014, C00000000000000000000015, C00000000000000000000016, C00000000000000000000017, C00000000000000000000018, C00000000000000000000019, C0000000000000000000001C, C0000000000000000000001D, C0000000000000000000001E, C0000000000000000000001F, C00000000000000000000020, C00000000000000000000021, C00000000000000000000022, C00000000000000000000023, C00000000000000000000028, C00000000000000000000029, ); runOnlyForDeploymentPostprocessing = 0; };
		A00000000000000000000044 /* Sources */ = {isa = PBXSourcesBuildPhase; buildActionMask = 2147483647; files = ( C00000000000000000000003, C0000000000000000000000C, C0000000000000000000000D, C0000000000000000000000E, C00000000000000000000012, C00000000000000000000013, C0000000000000000000001A, C0000000000000000000001B, C00000000000000000000024, C00000000000000000000025, C00000000000000000000026, C00000000000000000000027, C0000000000000000000002A, C0000000000000000000002B, ); runOnlyForDeploymentPostprocessing = 0; };
/* End PBXSourcesBuildPhase section */

/* Begin PBXTargetDependency section */
		A00000000000000000000047 /* PBXTargetDependency */ = {isa = PBXTargetDependency; target = A00000000000000000000040 /* RepoOSHub */; targetProxy = A00000000000000000000046 /* PBXContainerItemProxy */; };
/* End PBXTargetDependency section */

/* Begin XCBuildConfiguration section */
		A00000000000000000000070 /* Debug */ = {isa = XCBuildConfiguration; buildSettings = { ALWAYS_SEARCH_USER_PATHS = NO; CLANG_ENABLE_MODULES = YES; CODE_SIGN_IDENTITY = "-"; CURRENT_PROJECT_VERSION = 1; ENABLE_TESTABILITY = YES; GENERATE_INFOPLIST_FILE = NO; INFOPLIST_FILE = RepoOSHub/Info.plist; MACOSX_DEPLOYMENT_TARGET = 13.0; MARKETING_VERSION = 0.1.0; PRODUCT_BUNDLE_IDENTIFIER = org.repoos.hub; PRODUCT_NAME = RepoOSHub; SWIFT_OPTIMIZATION_LEVEL = "-Onone"; SWIFT_VERSION = 5.0; }; name = Debug; };
		A00000000000000000000071 /* Release */ = {isa = XCBuildConfiguration; buildSettings = { ALWAYS_SEARCH_USER_PATHS = NO; CLANG_ENABLE_MODULES = YES; CODE_SIGN_IDENTITY = "-"; CURRENT_PROJECT_VERSION = 1; GENERATE_INFOPLIST_FILE = NO; INFOPLIST_FILE = RepoOSHub/Info.plist; MACOSX_DEPLOYMENT_TARGET = 13.0; MARKETING_VERSION = 0.1.0; PRODUCT_BUNDLE_IDENTIFIER = org.repoos.hub; PRODUCT_NAME = RepoOSHub; SWIFT_VERSION = 5.0; }; name = Release; };
		A00000000000000000000072 /* Debug */ = {isa = XCBuildConfiguration; buildSettings = { BUNDLE_LOADER = "$(TEST_HOST)"; CODE_SIGN_IDENTITY = "-"; CURRENT_PROJECT_VERSION = 1; GENERATE_INFOPLIST_FILE = YES; MACOSX_DEPLOYMENT_TARGET = 13.0; PRODUCT_BUNDLE_IDENTIFIER = org.repoos.hub.tests; PRODUCT_NAME = RepoOSHubTests; SWIFT_VERSION = 5.0; TEST_HOST = "$(BUILT_PRODUCTS_DIR)/RepoOSHub.app/Contents/MacOS/RepoOSHub"; }; name = Debug; };
		A00000000000000000000073 /* Release */ = {isa = XCBuildConfiguration; buildSettings = { BUNDLE_LOADER = "$(TEST_HOST)"; CODE_SIGN_IDENTITY = "-"; CURRENT_PROJECT_VERSION = 1; GENERATE_INFOPLIST_FILE = YES; MACOSX_DEPLOYMENT_TARGET = 13.0; PRODUCT_BUNDLE_IDENTIFIER = org.repoos.hub.tests; PRODUCT_NAME = RepoOSHubTests; SWIFT_VERSION = 5.0; TEST_HOST = "$(BUILT_PRODUCTS_DIR)/RepoOSHub.app/Contents/MacOS/RepoOSHub"; }; name = Release; };
		A00000000000000000000074 /* Debug */ = {isa = XCBuildConfiguration; buildSettings = { ALWAYS_SEARCH_USER_PATHS = NO; CLANG_ENABLE_MODULES = YES; SWIFT_VERSION = 5.0; }; name = Debug; };
		A00000000000000000000075 /* Release */ = {isa = XCBuildConfiguration; buildSettings = { ALWAYS_SEARCH_USER_PATHS = NO; CLANG_ENABLE_MODULES = YES; SWIFT_VERSION = 5.0; }; name = Release; };
/* End XCBuildConfiguration section */

/* Begin XCConfigurationList section */
		A00000000000000000000050 /* Build configuration list for PBXNativeTarget "RepoOSHub" */ = {isa = XCConfigurationList; buildConfigurations = ( A00000000000000000000070, A00000000000000000000071, ); defaultConfigurationIsVisible = 0; defaultConfigurationName = Release; };
		A00000000000000000000051 /* Build configuration list for PBXNativeTarget "RepoOSHubTests" */ = {isa = XCConfigurationList; buildConfigurations = ( A00000000000000000000072, A00000000000000000000073, ); defaultConfigurationIsVisible = 0; defaultConfigurationName = Release; };
		A00000000000000000000052 /* Build configuration list for PBXProject "RepoOSHub" */ = {isa = XCConfigurationList; buildConfigurations = ( A00000000000000000000074, A00000000000000000000075, ); defaultConfigurationIsVisible = 0; defaultConfigurationName = Release; };
/* End XCConfigurationList section */
	};
	rootObject = A00000000000000000000060 /* Project object */;
}
